// !$*UTF8*$!
{
	archiveVersion = 1;
	classes = {
	};
	objectVersion = 45;
	objects = {

/* Begin PBXBuildFile section */
		1D3623260D0F684500981E51 /* CalaosHomeAppDelegate.mm in Sources */ = {isa = PBXBuildFile; fileRef = 1D3623250D0F684500981E51 /* CalaosHomeAppDelegate.mm */; };
		1D60589B0D05DD56006BFB54 /* main.mm in Sources */ = {isa = PBXBuildFile; fileRef = 29B97316FDCFA39411CA2CEA /* main.mm */; };
		1D60589F0D05DD5A006BFB54 /* Foundation.framework in Frameworks */ = {isa = PBXBuildFile; fileRef = 1D30AB110D05D00D00671497 /* Foundation.framework */; };
		1DF5F4E00D08C38300B7A737 /* UIKit.framework in Frameworks */ = {isa = PBXBuildFile; fileRef = 1DF5F4DF0D08C38300B7A737 /* UIKit.framework */; };
		28216C970DB411BC00E5133A /* HomeViewController.mm in Sources */ = {isa = PBXBuildFile; fileRef = 28216C960DB411BC00E5133A /* HomeViewController.mm */; };
		282CCBFE0DB6C98000C4EA27 /* MediaView.xib in Resources */ = {isa = PBXBuildFile; fileRef = 282CCBFD0DB6C98000C4EA27 /* MediaView.xib */; };
		288765080DF74369002DB57D /* CoreGraphics.framework in Frameworks */ = {isa = PBXBuildFile; fileRef = 288765070DF74369002DB57D /* CoreGraphics.framework */; };
		28AD73880D9D96C1002E5188 /* MainWindow.xib in Resources */ = {isa = PBXBuildFile; fileRef = 28AD73870D9D96C1002E5188 /* MainWindow.xib */; };
		936BB53D0FF22C6C003BD10A /* PageScrollView.m in Sources */ = {isa = PBXBuildFile; fileRef = 936BB53C0FF22C6C003BD10A /* PageScrollView.m */; };
		936BB54E0FF2308A003BD10A /* button_connect.png in Resources */ = {isa = PBXBuildFile; fileRef = 936BB54D0FF2308A003BD10A /* button_connect.png */; };
		936BB5500FF23152003BD10A /* button_connect_click.png in Resources */ = {isa = PBXBuildFile; fileRef = 936BB54F0FF23152003BD10A /* button_connect_click.png */; };
		936BB55A0FF23A23003BD10A /* RoomView.xib in Resources */ = {isa = PBXBuildFile; fileRef = 936BB5590FF23A23003BD10A /* RoomView.xib */; };
		936BB55E0FF23A72003BD10A /* room.png in Resources */ = {isa = PBXBuildFile; fileRef = 936BB55C0FF23A72003BD10A /* room.png */; };
		936BB55F0FF23A72003BD10A /* room_lounge.png in Resources */ = {isa = PBXBuildFile; fileRef = 936BB55D0FF23A72003BD10A /* room_lounge.png */; };
		936BB5620FF2419E003BD10A /* button_more.png in Resources */ = {isa = PBXBuildFile; fileRef = 936BB5600FF2419E003BD10A /* button_more.png */; };
		936BB5630FF2419E003BD10A /* button_more_click.png in Resources */ = {isa = PBXBuildFile; fileRef = 936BB5610FF2419E003BD10A /* button_more_click.png */; };
		936BB5670FF24D9E003BD10A /* RoomViewController.mm in Sources */ = {isa = PBXBuildFile; fileRef = 936BB5660FF24D9E003BD10A /* RoomViewController.mm */; };
		9389C7160FEA5D4D00D12900 /* NotificationObject.mm in Sources */ = {isa = PBXBuildFile; fileRef = 9389C7150FEA5D4D00D12900 /* NotificationObject.mm */; };
		938FF2060FE7EC2400BA5DF8 /* about_icon.png in Resources */ = {isa = PBXBuildFile; fileRef = 938FF2030FE7EC2400BA5DF8 /* about_icon.png */; };
		938FF2070FE7EC2400BA5DF8 /* home_icon.png in Resources */ = {isa = PBXBuildFile; fileRef = 938FF2040FE7EC2400BA5DF8 /* home_icon.png */; };
		938FF2080FE7EC2400BA5DF8 /* media_icon.png in Resources */ = {isa = PBXBuildFile; fileRef = 938FF2050FE7EC2400BA5DF8 /* media_icon.png */; };
		938FF20C0FE7EDDB00BA5DF8 /* CalaosConfig.xib in Resources */ = {isa = PBXBuildFile; fileRef = 938FF20B0FE7EDDB00BA5DF8 /* CalaosConfig.xib */; };
		939A43D30FE8C94100CE7DB8 /* Default.png in Resources */ = {isa = PBXBuildFile; fileRef = 939A43D10FE8C94100CE7DB8 /* Default.png */; };
		939A43D40FE8C94100CE7DB8 /* icon.png in Resources */ = {isa = PBXBuildFile; fileRef = 939A43D20FE8C94100CE7DB8 /* icon.png */; };
		939A43E70FE8D6E200CE7DB8 /* HomeView.xib in Resources */ = {isa = PBXBuildFile; fileRef = 939A43E60FE8D6E200CE7DB8 /* HomeView.xib */; };
		93A5F79D0FFA0A1E009BC048 /* ElementLight.xib in Resources */ = {isa = PBXBuildFile; fileRef = 93A5F79C0FFA0A1E009BC048 /* ElementLight.xib */; };
		93A5F7A00FFA0D22009BC048 /* button_element.png in Resources */ = {isa = PBXBuildFile; fileRef = 93A5F79F0FFA0D22009BC048 /* button_element.png */; };
		93A5F7A60FFA0F3C009BC048 /* button_action_glow.png in Resources */ = {isa = PBXBuildFile; fileRef = 93A5F7A30FFA0F3C009BC048 /* button_action_glow.png */; };
		93A5F7A70FFA0F3C009BC048 /* button_action_light_off.png in Resources */ = {isa = PBXBuildFile; fileRef = 93A5F7A40FFA0F3C009BC048 /* button_action_light_off.png */; };
		93A5F7A80FFA0F3C009BC048 /* button_action_light_on.png in Resources */ = {isa = PBXBuildFile; fileRef = 93A5F7A50FFA0F3C009BC048 /* button_action_light_on.png */; };
		93A5F7AB0FFA14B2009BC048 /* icon_light_off.png in Resources */ = {isa = PBXBuildFile; fileRef = 93A5F7A90FFA14B2009BC048 /* icon_light_off.png */; };
		93A5F7AC0FFA14B2009BC048 /* icon_light_on.png in Resources */ = {isa = PBXBuildFile; fileRef = 93A5F7AA0FFA14B2009BC048 /* icon_light_on.png */; };
		93A845130FE8F75800781F87 /* CThread.cpp in Sources */ = {isa = PBXBuildFile; fileRef = 93A845090FE8F75800781F87 /* CThread.cpp */; };
		93A845140FE8F75800781F87 /* Mutex.cpp in Sources */ = {isa = PBXBuildFile; fileRef = 93A8450B0FE8F75800781F87 /* Mutex.cpp */; };
		93A845150FE8F75800781F87 /* Params.cpp in Sources */ = {isa = PBXBuildFile; fileRef = 93A8450D0FE8F75800781F87 /* Params.cpp */; };
		93A845160FE8F75800781F87 /* tcpsocket.cpp in Sources */ = {isa = PBXBuildFile; fileRef = 93A8450F0FE8F75800781F87 /* tcpsocket.cpp */; };
		93A845170FE8F75800781F87 /* Utils.cpp in Sources */ = {isa = PBXBuildFile; fileRef = 93A845110FE8F75800781F87 /* Utils.cpp */; };
		93A8451C0FE8F78E00781F87 /* base64.c in Sources */ = {isa = PBXBuildFile; fileRef = 93A8451A0FE8F78E00781F87 /* base64.c */; };
		93A8453D0FE8FD7500781F87 /* IPC.cpp in Sources */ = {isa = PBXBuildFile; fileRef = 93A845370FE8FD7500781F87 /* IPC.cpp */; };
		93A8453E0FE8FD7500781F87 /* SocketListener.cpp in Sources */ = {isa = PBXBuildFile; fileRef = 93A845390FE8FD7500781F87 /* SocketListener.cpp */; };
		93A8453F0FE8FD7500781F87 /* SocketManager.cpp in Sources */ = {isa = PBXBuildFile; fileRef = 93A8453B0FE8FD7500781F87 /* SocketManager.cpp */; };
		93A846320FE9273F00781F87 /* lambda.cc in Sources */ = {isa = PBXBuildFile; fileRef = 93A845E20FE9273F00781F87 /* lambda.cc */; };
		93A846410FE9273F00781F87 /* connection.cc in Sources */ = {isa = PBXBuildFile; fileRef = 93A845FB0FE9273F00781F87 /* connection.cc */; };
		93A846460FE9273F00781F87 /* slot.cc in Sources */ = {isa = PBXBuildFile; fileRef = 93A846070FE9273F00781F87 /* slot.cc */; };
		93A846470FE9273F00781F87 /* slot_base.cc in Sources */ = {isa = PBXBuildFile; fileRef = 93A846090FE9273F00781F87 /* slot_base.cc */; };
		93A846510FE9273F00781F87 /* signal.cc in Sources */ = {isa = PBXBuildFile; fileRef = 93A8461E0FE9273F00781F87 /* signal.cc */; };
		93A846520FE9273F00781F87 /* signal_base.cc in Sources */ = {isa = PBXBuildFile; fileRef = 93A846200FE9273F00781F87 /* signal_base.cc */; };
		93A846530FE9273F00781F87 /* trackable.cc in Sources */ = {isa = PBXBuildFile; fileRef = 93A846230FE9273F00781F87 /* trackable.cc */; };
		93A847330FE934E500781F87 /* IO.cpp in Sources */ = {isa = PBXBuildFile; fileRef = 93A8472B0FE934E500781F87 /* IO.cpp */; };
		93A847340FE934E500781F87 /* Room.cpp in Sources */ = {isa = PBXBuildFile; fileRef = 93A8472E0FE934E500781F87 /* Room.cpp */; };
		93A847350FE934E500781F87 /* Rooms.cpp in Sources */ = {isa = PBXBuildFile; fileRef = 93A847310FE934E500781F87 /* Rooms.cpp */; };
		93A8475D0FE939C400781F87 /* Wrapper.cpp in Sources */ = {isa = PBXBuildFile; fileRef = 93A8475C0FE939C400781F87 /* Wrapper.cpp */; };
		93A8476B0FE93F5100781F87 /* IPCWrapperNotification.mm in Sources */ = {isa = PBXBuildFile; fileRef = 93A8476A0FE93F5100781F87 /* IPCWrapperNotification.mm */; };
		93A848120FE948B700781F87 /* ObjCWrapper.cpp in Sources */ = {isa = PBXBuildFile; fileRef = 93A848110FE948B700781F87 /* ObjCWrapper.cpp */; };
		93AC746A0FF5133500FA6BA7 /* MBProgressHUD.m in Sources */ = {isa = PBXBuildFile; fileRef = 93AC74690FF5133500FA6BA7 /* MBProgressHUD.m */; };
		93B364260FF8BACE00C4ACCB /* RoomDetailsView.xib in Resources */ = {isa = PBXBuildFile; fileRef = 93B364250FF8BACE00C4ACCB /* RoomDetailsView.xib */; };
		93B3642D0FF8BE3700C4ACCB /* ShootStuffUpViewController.m in Sources */ = {isa = PBXBuildFile; fileRef = 93B3642C0FF8BE3700C4ACCB /* ShootStuffUpViewController.m */; };
		93B3665D0FF8F12B00C4ACCB /* RoomDetailsController.m in Sources */ = {isa = PBXBuildFile; fileRef = 93B3665C0FF8F12B00C4ACCB /* RoomDetailsController.m */; };
		93D81F7A0FF3CA250030387E /* RoomCocoa.mm in Sources */ = {isa = PBXBuildFile; fileRef = 93D81F780FF3CA250030387E /* RoomCocoa.mm */; };
		93D820340FF3E0B50030387E /* RoomFactory.mm in Sources */ = {isa = PBXBuildFile; fileRef = 93D820330FF3E0B50030387E /* RoomFactory.mm */; };
		93FECF5F0FF0D86800631BC8 /* LoginView.xib in Resources */ = {isa = PBXBuildFile; fileRef = 93FECF5E0FF0D86800631BC8 /* LoginView.xib */; };
		93FECF780FF0D8A600631BC8 /* LoginViewController.mm in Sources */ = {isa = PBXBuildFile; fileRef = 93FECF770FF0D8A600631BC8 /* LoginViewController.mm */; };
		93FECF7C0FF0D9B700631BC8 /* calaos_logo.png in Resources */ = {isa = PBXBuildFile; fileRef = 93FECF7B0FF0D9B700631BC8 /* calaos_logo.png */; };
/* End PBXBuildFile section */

/* Begin PBXFileReference section */
		1D30AB110D05D00D00671497 /* Foundation.framework */ = {isa = PBXFileReference; lastKnownFileType = wrapper.framework; name = Foundation.framework; path = System/Library/Frameworks/Foundation.framework; sourceTree = SDKROOT; };
		1D3623240D0F684500981E51 /* CalaosHomeAppDelegate.h */ = {isa = PBXFileReference; fileEncoding = 4; lastKnownFileType = sourcecode.c.h; path = CalaosHomeAppDelegate.h; sourceTree = "<group>"; };
		1D3623250D0F684500981E51 /* CalaosHomeAppDelegate.mm */ = {isa = PBXFileReference; fileEncoding = 4; lastKnownFileType = sourcecode.cpp.objcpp; path = CalaosHomeAppDelegate.mm; sourceTree = "<group>"; };
		1D6058910D05DD3D006BFB54 /* CalaosHome.app */ = {isa = PBXFileReference; explicitFileType = wrapper.application; includeInIndex = 0; path = CalaosHome.app; sourceTree = BUILT_PRODUCTS_DIR; };
		1DF5F4DF0D08C38300B7A737 /* UIKit.framework */ = {isa = PBXFileReference; lastKnownFileType = wrapper.framework; name = UIKit.framework; path = System/Library/Frameworks/UIKit.framework; sourceTree = SDKROOT; };
		28216C950DB411BC00E5133A /* HomeViewController.h */ = {isa = PBXFileReference; fileEncoding = 4; lastKnownFileType = sourcecode.c.h; path = HomeViewController.h; sourceTree = "<group>"; };
		28216C960DB411BC00E5133A /* HomeViewController.mm */ = {isa = PBXFileReference; fileEncoding = 4; lastKnownFileType = sourcecode.cpp.objcpp; path = HomeViewController.mm; sourceTree = "<group>"; };
		282CCBFD0DB6C98000C4EA27 /* MediaView.xib */ = {isa = PBXFileReference; lastKnownFileType = file.xib; path = MediaView.xib; sourceTree = "<group>"; };
		288765070DF74369002DB57D /* CoreGraphics.framework */ = {isa = PBXFileReference; lastKnownFileType = wrapper.framework; name = CoreGraphics.framework; path = System/Library/Frameworks/CoreGraphics.framework; sourceTree = SDKROOT; };
		28A0AB4B0D9B1048005BE974 /* CalaosHome_Prefix.pch */ = {isa = PBXFileReference; fileEncoding = 4; lastKnownFileType = sourcecode.c.h; path = CalaosHome_Prefix.pch; sourceTree = "<group>"; };
		28AD73870D9D96C1002E5188 /* MainWindow.xib */ = {isa = PBXFileReference; lastKnownFileType = file.xib; path = MainWindow.xib; sourceTree = "<group>"; };
		29B97316FDCFA39411CA2CEA /* main.mm */ = {isa = PBXFileReference; fileEncoding = 4; lastKnownFileType = sourcecode.cpp.objcpp; path = main.mm; sourceTree = "<group>"; };
		8D1107310486CEB800E47090 /* Info.plist */ = {isa = PBXFileReference; fileEncoding = 4; lastKnownFileType = text.plist.xml; path = Info.plist; sourceTree = "<group>"; };
		936BB53B0FF22C6C003BD10A /* PageScrollView.h */ = {isa = PBXFileReference; fileEncoding = 4; lastKnownFileType = sourcecode.c.h; path = PageScrollView.h; sourceTree = "<group>"; };
		936BB53C0FF22C6C003BD10A /* PageScrollView.m */ = {isa = PBXFileReference; fileEncoding = 4; lastKnownFileType = sourcecode.c.objc; path = PageScrollView.m; sourceTree = "<group>"; };
		936BB54D0FF2308A003BD10A /* button_connect.png */ = {isa = PBXFileReference; lastKnownFileType = image.png; path = button_connect.png; sourceTree = "<group>"; };
		936BB54F0FF23152003BD10A /* button_connect_click.png */ = {isa = PBXFileReference; lastKnownFileType = image.png; path = button_connect_click.png; sourceTree = "<group>"; };
		936BB5590FF23A23003BD10A /* RoomView.xib */ = {isa = PBXFileReference; lastKnownFileType = file.xib; path = RoomView.xib; sourceTree = "<group>"; };
		936BB55C0FF23A72003BD10A /* room.png */ = {isa = PBXFileReference; lastKnownFileType = image.png; path = room.png; sourceTree = "<group>"; };
		936BB55D0FF23A72003BD10A /* room_lounge.png */ = {isa = PBXFileReference; lastKnownFileType = image.png; path = room_lounge.png; sourceTree = "<group>"; };
		936BB5600FF2419E003BD10A /* button_more.png */ = {isa = PBXFileReference; lastKnownFileType = image.png; path = button_more.png; sourceTree = "<group>"; };
		936BB5610FF2419E003BD10A /* button_more_click.png */ = {isa = PBXFileReference; lastKnownFileType = image.png; path = button_more_click.png; sourceTree = "<group>"; };
		936BB5650FF24D9E003BD10A /* RoomViewController.h */ = {isa = PBXFileReference; fileEncoding = 4; lastKnownFileType = sourcecode.c.h; path = RoomViewController.h; sourceTree = "<group>"; };
		936BB5660FF24D9E003BD10A /* RoomViewController.mm */ = {isa = PBXFileReference; fileEncoding = 4; lastKnownFileType = sourcecode.cpp.objcpp; path = RoomViewController.mm; sourceTree = "<group>"; };
		9389C7140FEA5D4D00D12900 /* NotificationObject.h */ = {isa = PBXFileReference; fileEncoding = 4; lastKnownFileType = sourcecode.c.h; name = NotificationObject.h; path = Classes/NotificationObject.h; sourceTree = "<group>"; };
		9389C7150FEA5D4D00D12900 /* NotificationObject.mm */ = {isa = PBXFileReference; fileEncoding = 4; lastKnownFileType = sourcecode.cpp.objcpp; name = NotificationObject.mm; path = Classes/NotificationObject.mm; sourceTree = "<group>"; };
		938FF2030FE7EC2400BA5DF8 /* about_icon.png */ = {isa = PBXFileReference; lastKnownFileType = image.png; path = about_icon.png; sourceTree = "<group>"; };
		938FF2040FE7EC2400BA5DF8 /* home_icon.png */ = {isa = PBXFileReference; lastKnownFileType = image.png; path = home_icon.png; sourceTree = "<group>"; };
		938FF2050FE7EC2400BA5DF8 /* media_icon.png */ = {isa = PBXFileReference; lastKnownFileType = image.png; path = media_icon.png; sourceTree = "<group>"; };
		938FF20B0FE7EDDB00BA5DF8 /* CalaosConfig.xib */ = {isa = PBXFileReference; lastKnownFileType = file.xib; path = CalaosConfig.xib; sourceTree = "<group>"; };
		939A43D10FE8C94100CE7DB8 /* Default.png */ = {isa = PBXFileReference; lastKnownFileType = image.png; path = Default.png; sourceTree = "<group>"; };
		939A43D20FE8C94100CE7DB8 /* icon.png */ = {isa = PBXFileReference; lastKnownFileType = image.png; path = icon.png; sourceTree = "<group>"; };
		939A43E60FE8D6E200CE7DB8 /* HomeView.xib */ = {isa = PBXFileReference; lastKnownFileType = file.xib; path = HomeView.xib; sourceTree = "<group>"; };
		93A5F79C0FFA0A1E009BC048 /* ElementLight.xib */ = {isa = PBXFileReference; lastKnownFileType = file.xib; path = ElementLight.xib; sourceTree = "<group>"; };
		93A5F79F0FFA0D22009BC048 /* button_element.png */ = {isa = PBXFileReference; lastKnownFileType = image.png; path = button_element.png; sourceTree = "<group>"; };
		93A5F7A30FFA0F3C009BC048 /* button_action_glow.png */ = {isa = PBXFileReference; lastKnownFileType = image.png; path = button_action_glow.png; sourceTree = "<group>"; };
		93A5F7A40FFA0F3C009BC048 /* button_action_light_off.png */ = {isa = PBXFileReference; lastKnownFileType = image.png; path = button_action_light_off.png; sourceTree = "<group>"; };
		93A5F7A50FFA0F3C009BC048 /* button_action_light_on.png */ = {isa = PBXFileReference; lastKnownFileType = image.png; path = button_action_light_on.png; sourceTree = "<group>"; };
		93A5F7A90FFA14B2009BC048 /* icon_light_off.png */ = {isa = PBXFileReference; lastKnownFileType = image.png; path = icon_light_off.png; sourceTree = "<group>"; };
		93A5F7AA0FFA14B2009BC048 /* icon_light_on.png */ = {isa = PBXFileReference; lastKnownFileType = image.png; path = icon_light_on.png; sourceTree = "<group>"; };
		93A845090FE8F75800781F87 /* CThread.cpp */ = {isa = PBXFileReference; fileEncoding = 4; lastKnownFileType = sourcecode.cpp.cpp; name = CThread.cpp; path = CalaosHome/CThread.cpp; sourceTree = "<group>"; };
		93A8450A0FE8F75800781F87 /* CThread.h */ = {isa = PBXFileReference; fileEncoding = 4; lastKnownFileType = sourcecode.c.h; name = CThread.h; path = CalaosHome/CThread.h; sourceTree = "<group>"; };
		93A8450B0FE8F75800781F87 /* Mutex.cpp */ = {isa = PBXFileReference; fileEncoding = 4; lastKnownFileType = sourcecode.cpp.cpp; name = Mutex.cpp; path = CalaosHome/Mutex.cpp; sourceTree = "<group>"; };
		93A8450C0FE8F75800781F87 /* Mutex.h */ = {isa = PBXFileReference; fileEncoding = 4; lastKnownFileType = sourcecode.c.h; name = Mutex.h; path = CalaosHome/Mutex.h; sourceTree = "<group>"; };
		93A8450D0FE8F75800781F87 /* Params.cpp */ = {isa = PBXFileReference; fileEncoding = 4; lastKnownFileType = sourcecode.cpp.cpp; name = Params.cpp; path = CalaosHome/Params.cpp; sourceTree = "<group>"; };
		93A8450E0FE8F75800781F87 /* Params.h */ = {isa = PBXFileReference; fileEncoding = 4; lastKnownFileType = sourcecode.c.h; name = Params.h; path = CalaosHome/Params.h; sourceTree = "<group>"; };
		93A8450F0FE8F75800781F87 /* tcpsocket.cpp */ = {isa = PBXFileReference; fileEncoding = 4; lastKnownFileType = sourcecode.cpp.cpp; name = tcpsocket.cpp; path = CalaosHome/tcpsocket.cpp; sourceTree = "<group>"; };
		93A845100FE8F75800781F87 /* tcpsocket.h */ = {isa = PBXFileReference; fileEncoding = 4; lastKnownFileType = sourcecode.c.h; name = tcpsocket.h; path = CalaosHome/tcpsocket.h; sourceTree = "<group>"; };
		93A845110FE8F75800781F87 /* Utils.cpp */ = {isa = PBXFileReference; fileEncoding = 4; lastKnownFileType = sourcecode.cpp.cpp; name = Utils.cpp; path = CalaosHome/Utils.cpp; sourceTree = "<group>"; };
		93A845120FE8F75800781F87 /* Utils.h */ = {isa = PBXFileReference; fileEncoding = 4; lastKnownFileType = sourcecode.c.h; name = Utils.h; path = CalaosHome/Utils.h; sourceTree = "<group>"; };
		93A8451A0FE8F78E00781F87 /* base64.c */ = {isa = PBXFileReference; fileEncoding = 4; lastKnownFileType = sourcecode.c.c; name = base64.c; path = CalaosHome/base64.c; sourceTree = "<group>"; };
		93A8451B0FE8F78E00781F87 /* base64.h */ = {isa = PBXFileReference; fileEncoding = 4; lastKnownFileType = sourcecode.c.h; name = base64.h; path = CalaosHome/base64.h; sourceTree = "<group>"; };
		93A845370FE8FD7500781F87 /* IPC.cpp */ = {isa = PBXFileReference; fileEncoding = 4; lastKnownFileType = sourcecode.cpp.cpp; name = IPC.cpp; path = CalaosHome/IPC.cpp; sourceTree = "<group>"; };
		93A845380FE8FD7500781F87 /* IPC.h */ = {isa = PBXFileReference; fileEncoding = 4; lastKnownFileType = sourcecode.c.h; name = IPC.h; path = CalaosHome/IPC.h; sourceTree = "<group>"; };
		93A845390FE8FD7500781F87 /* SocketListener.cpp */ = {isa = PBXFileReference; fileEncoding = 4; lastKnownFileType = sourcecode.cpp.cpp; name = SocketListener.cpp; path = CalaosHome/SocketListener.cpp; sourceTree = "<group>"; };
		93A8453A0FE8FD7500781F87 /* SocketListener.h */ = {isa = PBXFileReference; fileEncoding = 4; lastKnownFileType = sourcecode.c.h; name = SocketListener.h; path = CalaosHome/SocketListener.h; sourceTree = "<group>"; };
		93A8453B0FE8FD7500781F87 /* SocketManager.cpp */ = {isa = PBXFileReference; fileEncoding = 4; lastKnownFileType = sourcecode.cpp.cpp; name = SocketManager.cpp; path = CalaosHome/SocketManager.cpp; sourceTree = "<group>"; };
		93A8453C0FE8FD7500781F87 /* SocketManager.h */ = {isa = PBXFileReference; fileEncoding = 4; lastKnownFileType = sourcecode.c.h; name = SocketManager.h; path = CalaosHome/SocketManager.h; sourceTree = "<group>"; };
		93A845D60FE9273F00781F87 /* adaptor_trait.h */ = {isa = PBXFileReference; fileEncoding = 4; lastKnownFileType = sourcecode.c.h; path = adaptor_trait.h; sourceTree = "<group>"; };
		93A845D70FE9273F00781F87 /* adaptors.h */ = {isa = PBXFileReference; fileEncoding = 4; lastKnownFileType = sourcecode.c.h; path = adaptors.h; sourceTree = "<group>"; };
		93A845D80FE9273F00781F87 /* bind.h */ = {isa = PBXFileReference; fileEncoding = 4; lastKnownFileType = sourcecode.c.h; path = bind.h; sourceTree = "<group>"; };
		93A845D90FE9273F00781F87 /* bind_return.h */ = {isa = PBXFileReference; fileEncoding = 4; lastKnownFileType = sourcecode.c.h; path = bind_return.h; sourceTree = "<group>"; };
		93A845DA0FE9273F00781F87 /* bound_argument.h */ = {isa = PBXFileReference; fileEncoding = 4; lastKnownFileType = sourcecode.c.h; path = bound_argument.h; sourceTree = "<group>"; };
		93A845DB0FE9273F00781F87 /* compose.h */ = {isa = PBXFileReference; fileEncoding = 4; lastKnownFileType = sourcecode.c.h; path = compose.h; sourceTree = "<group>"; };
		93A845DC0FE9273F00781F87 /* deduce_result_type.h */ = {isa = PBXFileReference; fileEncoding = 4; lastKnownFileType = sourcecode.c.h; path = deduce_result_type.h; sourceTree = "<group>"; };
		93A845DD0FE9273F00781F87 /* exception_catch.h */ = {isa = PBXFileReference; fileEncoding = 4; lastKnownFileType = sourcecode.c.h; path = exception_catch.h; sourceTree = "<group>"; };
		93A845DE0FE9273F00781F87 /* hide.h */ = {isa = PBXFileReference; fileEncoding = 4; lastKnownFileType = sourcecode.c.h; path = hide.h; sourceTree = "<group>"; };
		93A845E00FE9273F00781F87 /* base.h */ = {isa = PBXFileReference; fileEncoding = 4; lastKnownFileType = sourcecode.c.h; path = base.h; sourceTree = "<group>"; };
		93A845E10FE9273F00781F87 /* group.h */ = {isa = PBXFileReference; fileEncoding = 4; lastKnownFileType = sourcecode.c.h; path = group.h; sourceTree = "<group>"; };
		93A845E20FE9273F00781F87 /* lambda.cc */ = {isa = PBXFileReference; fileEncoding = 4; lastKnownFileType = sourcecode.cpp.cpp; path = lambda.cc; sourceTree = "<group>"; };
		93A845E30FE9273F00781F87 /* lambda.h */ = {isa = PBXFileReference; fileEncoding = 4; lastKnownFileType = sourcecode.c.h; path = lambda.h; sourceTree = "<group>"; };
		93A845EA0FE9273F00781F87 /* operator.h */ = {isa = PBXFileReference; fileEncoding = 4; lastKnownFileType = sourcecode.c.h; path = operator.h; sourceTree = "<group>"; };
		93A845EB0FE9273F00781F87 /* select.h */ = {isa = PBXFileReference; fileEncoding = 4; lastKnownFileType = sourcecode.c.h; path = select.h; sourceTree = "<group>"; };
		93A845F60FE9273F00781F87 /* retype.h */ = {isa = PBXFileReference; fileEncoding = 4; lastKnownFileType = sourcecode.c.h; path = retype.h; sourceTree = "<group>"; };
		93A845F70FE9273F00781F87 /* retype_return.h */ = {isa = PBXFileReference; fileEncoding = 4; lastKnownFileType = sourcecode.c.h; path = retype_return.h; sourceTree = "<group>"; };
		93A845F80FE9273F00781F87 /* bind.h */ = {isa = PBXFileReference; fileEncoding = 4; lastKnownFileType = sourcecode.c.h; path = bind.h; sourceTree = "<group>"; };
		93A845F90FE9273F00781F87 /* bind_return.h */ = {isa = PBXFileReference; fileEncoding = 4; lastKnownFileType = sourcecode.c.h; path = bind_return.h; sourceTree = "<group>"; };
		93A845FA0FE9273F00781F87 /* class_slot.h */ = {isa = PBXFileReference; fileEncoding = 4; lastKnownFileType = sourcecode.c.h; path = class_slot.h; sourceTree = "<group>"; };
		93A845FB0FE9273F00781F87 /* connection.cc */ = {isa = PBXFileReference; fileEncoding = 4; lastKnownFileType = sourcecode.cpp.cpp; path = connection.cc; sourceTree = "<group>"; };
		93A845FC0FE9273F00781F87 /* connection.h */ = {isa = PBXFileReference; fileEncoding = 4; lastKnownFileType = sourcecode.c.h; path = connection.h; sourceTree = "<group>"; };
		93A845FE0FE9273F00781F87 /* functor_trait.h */ = {isa = PBXFileReference; fileEncoding = 4; lastKnownFileType = sourcecode.c.h; path = functor_trait.h; sourceTree = "<group>"; };
		93A845FF0FE9273F00781F87 /* functors.h */ = {isa = PBXFileReference; fileEncoding = 4; lastKnownFileType = sourcecode.c.h; path = functors.h; sourceTree = "<group>"; };
		93A846050FE9273F00781F87 /* mem_fun.h */ = {isa = PBXFileReference; fileEncoding = 4; lastKnownFileType = sourcecode.c.h; path = mem_fun.h; sourceTree = "<group>"; };
		93A846060FE9273F00781F87 /* ptr_fun.h */ = {isa = PBXFileReference; fileEncoding = 4; lastKnownFileType = sourcecode.c.h; path = ptr_fun.h; sourceTree = "<group>"; };
		93A846070FE9273F00781F87 /* slot.cc */ = {isa = PBXFileReference; fileEncoding = 4; lastKnownFileType = sourcecode.cpp.cpp; path = slot.cc; sourceTree = "<group>"; };
		93A846080FE9273F00781F87 /* slot.h */ = {isa = PBXFileReference; fileEncoding = 4; lastKnownFileType = sourcecode.c.h; path = slot.h; sourceTree = "<group>"; };
		93A846090FE9273F00781F87 /* slot_base.cc */ = {isa = PBXFileReference; fileEncoding = 4; lastKnownFileType = sourcecode.cpp.cpp; path = slot_base.cc; sourceTree = "<group>"; };
		93A8460A0FE9273F00781F87 /* slot_base.h */ = {isa = PBXFileReference; fileEncoding = 4; lastKnownFileType = sourcecode.c.h; path = slot_base.h; sourceTree = "<group>"; };
		93A8460B0FE9273F00781F87 /* hide.h */ = {isa = PBXFileReference; fileEncoding = 4; lastKnownFileType = sourcecode.c.h; path = hide.h; sourceTree = "<group>"; };
		93A8460C0FE9273F00781F87 /* limit_reference.h */ = {isa = PBXFileReference; fileEncoding = 4; lastKnownFileType = sourcecode.c.h; path = limit_reference.h; sourceTree = "<group>"; };
		93A846170FE9273F00781F87 /* method_slot.h */ = {isa = PBXFileReference; fileEncoding = 4; lastKnownFileType = sourcecode.c.h; path = method_slot.h; sourceTree = "<group>"; };
		93A846180FE9273F00781F87 /* object.h */ = {isa = PBXFileReference; fileEncoding = 4; lastKnownFileType = sourcecode.c.h; path = object.h; sourceTree = "<group>"; };
		93A846190FE9273F00781F87 /* object_slot.h */ = {isa = PBXFileReference; fileEncoding = 4; lastKnownFileType = sourcecode.c.h; path = object_slot.h; sourceTree = "<group>"; };
		93A8461A0FE9273F00781F87 /* reference_wrapper.h */ = {isa = PBXFileReference; fileEncoding = 4; lastKnownFileType = sourcecode.c.h; path = reference_wrapper.h; sourceTree = "<group>"; };
		93A8461B0FE9273F00781F87 /* retype.h */ = {isa = PBXFileReference; fileEncoding = 4; lastKnownFileType = sourcecode.c.h; path = retype.h; sourceTree = "<group>"; };
		93A8461C0FE9273F00781F87 /* retype_return.h */ = {isa = PBXFileReference; fileEncoding = 4; lastKnownFileType = sourcecode.c.h; path = retype_return.h; sourceTree = "<group>"; };
		93A8461D0FE9273F00781F87 /* sigc++.h */ = {isa = PBXFileReference; fileEncoding = 4; lastKnownFileType = sourcecode.c.h; path = "sigc++.h"; sourceTree = "<group>"; };
		93A8461E0FE9273F00781F87 /* signal.cc */ = {isa = PBXFileReference; fileEncoding = 4; lastKnownFileType = sourcecode.cpp.cpp; path = signal.cc; sourceTree = "<group>"; };
		93A8461F0FE9273F00781F87 /* signal.h */ = {isa = PBXFileReference; fileEncoding = 4; lastKnownFileType = sourcecode.c.h; path = signal.h; sourceTree = "<group>"; };
		93A846200FE9273F00781F87 /* signal_base.cc */ = {isa = PBXFileReference; fileEncoding = 4; lastKnownFileType = sourcecode.cpp.cpp; path = signal_base.cc; sourceTree = "<group>"; };
		93A846210FE9273F00781F87 /* signal_base.h */ = {isa = PBXFileReference; fileEncoding = 4; lastKnownFileType = sourcecode.c.h; path = signal_base.h; sourceTree = "<group>"; };
		93A846220FE9273F00781F87 /* slot.h */ = {isa = PBXFileReference; fileEncoding = 4; lastKnownFileType = sourcecode.c.h; path = slot.h; sourceTree = "<group>"; };
		93A846230FE9273F00781F87 /* trackable.cc */ = {isa = PBXFileReference; fileEncoding = 4; lastKnownFileType = sourcecode.cpp.cpp; path = trackable.cc; sourceTree = "<group>"; };
		93A846240FE9273F00781F87 /* trackable.h */ = {isa = PBXFileReference; fileEncoding = 4; lastKnownFileType = sourcecode.c.h; path = trackable.h; sourceTree = "<group>"; };
		93A846250FE9273F00781F87 /* type_traits.h */ = {isa = PBXFileReference; fileEncoding = 4; lastKnownFileType = sourcecode.c.h; path = type_traits.h; sourceTree = "<group>"; };
		93A846260FE9273F00781F87 /* visit_each.h */ = {isa = PBXFileReference; fileEncoding = 4; lastKnownFileType = sourcecode.c.h; path = visit_each.h; sourceTree = "<group>"; };
		93A846270FE9273F00781F87 /* sigc++config.h */ = {isa = PBXFileReference; fileEncoding = 4; lastKnownFileType = sourcecode.c.h; path = "sigc++config.h"; sourceTree = "<group>"; };
		93A8472B0FE934E500781F87 /* IO.cpp */ = {isa = PBXFileReference; fileEncoding = 4; lastKnownFileType = sourcecode.cpp.cpp; name = IO.cpp; path = CalaosHome/IO.cpp; sourceTree = "<group>"; };
		93A8472C0FE934E500781F87 /* IO.h */ = {isa = PBXFileReference; fileEncoding = 4; lastKnownFileType = sourcecode.c.h; name = IO.h; path = CalaosHome/IO.h; sourceTree = "<group>"; };
		93A8472D0FE934E500781F87 /* IOFactory.h */ = {isa = PBXFileReference; fileEncoding = 4; lastKnownFileType = sourcecode.c.h; name = IOFactory.h; path = CalaosHome/IOFactory.h; sourceTree = "<group>"; };
		93A8472E0FE934E500781F87 /* Room.cpp */ = {isa = PBXFileReference; fileEncoding = 4; lastKnownFileType = sourcecode.cpp.cpp; name = Room.cpp; path = CalaosHome/Room.cpp; sourceTree = "<group>"; };
		93A8472F0FE934E500781F87 /* Room.h */ = {isa = PBXFileReference; fileEncoding = 4; lastKnownFileType = sourcecode.c.h; name = Room.h; path = CalaosHome/Room.h; sourceTree = "<group>"; };
		93A847300FE934E500781F87 /* RoomFactory.h */ = {isa = PBXFileReference; fileEncoding = 4; lastKnownFileType = sourcecode.c.h; name = RoomFactory.h; path = CalaosHome/RoomFactory.h; sourceTree = "<group>"; };
		93A847310FE934E500781F87 /* Rooms.cpp */ = {isa = PBXFileReference; fileEncoding = 4; lastKnownFileType = sourcecode.cpp.cpp; name = Rooms.cpp; path = CalaosHome/Rooms.cpp; sourceTree = "<group>"; };
		93A847320FE934E500781F87 /* Rooms.h */ = {isa = PBXFileReference; fileEncoding = 4; lastKnownFileType = sourcecode.c.h; name = Rooms.h; path = CalaosHome/Rooms.h; sourceTree = "<group>"; };
		93A8475B0FE939C400781F87 /* Wrapper.h */ = {isa = PBXFileReference; fileEncoding = 4; lastKnownFileType = sourcecode.c.h; path = Wrapper.h; sourceTree = "<group>"; };
		93A8475C0FE939C400781F87 /* Wrapper.cpp */ = {isa = PBXFileReference; fileEncoding = 4; lastKnownFileType = sourcecode.cpp.cpp; path = Wrapper.cpp; sourceTree = "<group>"; };
		93A847690FE93F5100781F87 /* IPCWrapperNotification.h */ = {isa = PBXFileReference; fileEncoding = 4; lastKnownFileType = sourcecode.c.h; path = IPCWrapperNotification.h; sourceTree = "<group>"; };
		93A8476A0FE93F5100781F87 /* IPCWrapperNotification.mm */ = {isa = PBXFileReference; fileEncoding = 4; lastKnownFileType = sourcecode.cpp.objcpp; path = IPCWrapperNotification.mm; sourceTree = "<group>"; };
		93A848100FE948B700781F87 /* ObjCWrapper.h */ = {isa = PBXFileReference; fileEncoding = 4; lastKnownFileType = sourcecode.c.h; path = ObjCWrapper.h; sourceTree = "<group>"; };
		93A848110FE948B700781F87 /* ObjCWrapper.cpp */ = {isa = PBXFileReference; fileEncoding = 4; lastKnownFileType = sourcecode.cpp.cpp; path = ObjCWrapper.cpp; sourceTree = "<group>"; };
		93AC74680FF5133500FA6BA7 /* MBProgressHUD.h */ = {isa = PBXFileReference; fileEncoding = 4; lastKnownFileType = sourcecode.c.h; path = MBProgressHUD.h; sourceTree = "<group>"; };
		93AC74690FF5133500FA6BA7 /* MBProgressHUD.m */ = {isa = PBXFileReference; fileEncoding = 4; lastKnownFileType = sourcecode.c.objc; path = MBProgressHUD.m; sourceTree = "<group>"; };
		93B364250FF8BACE00C4ACCB /* RoomDetailsView.xib */ = {isa = PBXFileReference; lastKnownFileType = file.xib; path = RoomDetailsView.xib; sourceTree = "<group>"; };
		93B3642B0FF8BE3700C4ACCB /* ShootStuffUpViewController.h */ = {isa = PBXFileReference; fileEncoding = 4; lastKnownFileType = sourcecode.c.h; path = ShootStuffUpViewController.h; sourceTree = "<group>"; };
		93B3642C0FF8BE3700C4ACCB /* ShootStuffUpViewController.m */ = {isa = PBXFileReference; fileEncoding = 4; lastKnownFileType = sourcecode.c.objc; path = ShootStuffUpViewController.m; sourceTree = "<group>"; };
		93B3665B0FF8F12B00C4ACCB /* RoomDetailsController.h */ = {isa = PBXFileReference; fileEncoding = 4; lastKnownFileType = sourcecode.c.h; path = RoomDetailsController.h; sourceTree = "<group>"; };
		93B3665C0FF8F12B00C4ACCB /* RoomDetailsController.m */ = {isa = PBXFileReference; fileEncoding = 4; lastKnownFileType = sourcecode.c.objc; path = RoomDetailsController.m; sourceTree = "<group>"; };
		93D81F780FF3CA250030387E /* RoomCocoa.mm */ = {isa = PBXFileReference; fileEncoding = 4; lastKnownFileType = sourcecode.cpp.objcpp; name = RoomCocoa.mm; path = Classes/RoomCocoa.mm; sourceTree = "<group>"; };
		93D81F790FF3CA250030387E /* RoomCocoa.h */ = {isa = PBXFileReference; fileEncoding = 4; lastKnownFileType = sourcecode.c.h; name = RoomCocoa.h; path = Classes/RoomCocoa.h; sourceTree = "<group>"; };
		93D820330FF3E0B50030387E /* RoomFactory.mm */ = {isa = PBXFileReference; fileEncoding = 4; lastKnownFileType = sourcecode.cpp.objcpp; name = RoomFactory.mm; path = CalaosHome/RoomFactory.mm; sourceTree = "<group>"; };
		93FECF5E0FF0D86800631BC8 /* LoginView.xib */ = {isa = PBXFileReference; lastKnownFileType = file.xib; name = LoginView.xib; path = Classes/LoginView.xib; sourceTree = "<group>"; };
		93FECF760FF0D8A600631BC8 /* LoginViewController.h */ = {isa = PBXFileReference; fileEncoding = 4; lastKnownFileType = sourcecode.c.h; path = LoginViewController.h; sourceTree = "<group>"; };
		93FECF770FF0D8A600631BC8 /* LoginViewController.mm */ = {isa = PBXFileReference; fileEncoding = 4; lastKnownFileType = sourcecode.cpp.objcpp; path = LoginViewController.mm; sourceTree = "<group>"; };
		93FECF7B0FF0D9B700631BC8 /* calaos_logo.png */ = {isa = PBXFileReference; lastKnownFileType = image.png; path = calaos_logo.png; sourceTree = "<group>"; };
/* End PBXFileReference section */

/* Begin PBXFrameworksBuildPhase section */
		1D60588F0D05DD3D006BFB54 /* Frameworks */ = {
			isa = PBXFrameworksBuildPhase;
			buildActionMask = 2147483647;
			files = (
				1D60589F0D05DD5A006BFB54 /* Foundation.framework in Frameworks */,
				1DF5F4E00D08C38300B7A737 /* UIKit.framework in Frameworks */,
				288765080DF74369002DB57D /* CoreGraphics.framework in Frameworks */,
			);
			runOnlyForDeploymentPostprocessing = 0;
		};
/* End PBXFrameworksBuildPhase section */

/* Begin PBXGroup section */
		080E96DDFE201D6D7F000001 /* Classes */ = {
			isa = PBXGroup;
			children = (
				93B3642B0FF8BE3700C4ACCB /* ShootStuffUpViewController.h */,
				93B3642C0FF8BE3700C4ACCB /* ShootStuffUpViewController.m */,
				93AC74680FF5133500FA6BA7 /* MBProgressHUD.h */,
				93AC74690FF5133500FA6BA7 /* MBProgressHUD.m */,
				936BB53B0FF22C6C003BD10A /* PageScrollView.h */,
				936BB53C0FF22C6C003BD10A /* PageScrollView.m */,
				28216C950DB411BC00E5133A /* HomeViewController.h */,
				28216C960DB411BC00E5133A /* HomeViewController.mm */,
				1D3623240D0F684500981E51 /* CalaosHomeAppDelegate.h */,
				1D3623250D0F684500981E51 /* CalaosHomeAppDelegate.mm */,
				93FECF760FF0D8A600631BC8 /* LoginViewController.h */,
				93FECF770FF0D8A600631BC8 /* LoginViewController.mm */,
				936BB5650FF24D9E003BD10A /* RoomViewController.h */,
				936BB5660FF24D9E003BD10A /* RoomViewController.mm */,
				93B3665B0FF8F12B00C4ACCB /* RoomDetailsController.h */,
				93B3665C0FF8F12B00C4ACCB /* RoomDetailsController.m */,
			);
			path = Classes;
			sourceTree = "<group>";
		};
		19C28FACFE9D520D11CA2CBB /* Products */ = {
			isa = PBXGroup;
			children = (
				1D6058910D05DD3D006BFB54 /* CalaosHome.app */,
			);
			name = Products;
			sourceTree = "<group>";
		};
		29B97314FDCFA39411CA2CEA /* CalaosHome */ = {
			isa = PBXGroup;
			children = (
				93A845C80FE9273F00781F87 /* sigc++ */,
				93A845080FE8F2CB00781F87 /* CalaosHome Sources */,
				080E96DDFE201D6D7F000001 /* Classes */,
				29B97315FDCFA39411CA2CEA /* Other Sources */,
				29B97317FDCFA39411CA2CEA /* Resources */,
				29B97323FDCFA39411CA2CEA /* Frameworks */,
				19C28FACFE9D520D11CA2CBB /* Products */,
			);
			name = CalaosHome;
			sourceTree = "<group>";
		};
		29B97315FDCFA39411CA2CEA /* Other Sources */ = {
			isa = PBXGroup;
			children = (
				9389C7140FEA5D4D00D12900 /* NotificationObject.h */,
				9389C7150FEA5D4D00D12900 /* NotificationObject.mm */,
				28A0AB4B0D9B1048005BE974 /* CalaosHome_Prefix.pch */,
				29B97316FDCFA39411CA2CEA /* main.mm */,
				93A8475B0FE939C400781F87 /* Wrapper.h */,
				93A8475C0FE939C400781F87 /* Wrapper.cpp */,
				93A847690FE93F5100781F87 /* IPCWrapperNotification.h */,
				93A8476A0FE93F5100781F87 /* IPCWrapperNotification.mm */,
				93A848100FE948B700781F87 /* ObjCWrapper.h */,
				93A848110FE948B700781F87 /* ObjCWrapper.cpp */,
			);
			name = "Other Sources";
			sourceTree = "<group>";
		};
		29B97317FDCFA39411CA2CEA /* Resources */ = {
			isa = PBXGroup;
			children = (
				93A5F7A90FFA14B2009BC048 /* icon_light_off.png */,
				93A5F7AA0FFA14B2009BC048 /* icon_light_on.png */,
				93A5F7A30FFA0F3C009BC048 /* button_action_glow.png */,
				93A5F7A40FFA0F3C009BC048 /* button_action_light_off.png */,
				93A5F7A50FFA0F3C009BC048 /* button_action_light_on.png */,
				93A5F79F0FFA0D22009BC048 /* button_element.png */,
				936BB5600FF2419E003BD10A /* button_more.png */,
				936BB5610FF2419E003BD10A /* button_more_click.png */,
				936BB55C0FF23A72003BD10A /* room.png */,
				936BB55D0FF23A72003BD10A /* room_lounge.png */,
				936BB54F0FF23152003BD10A /* button_connect_click.png */,
				936BB54D0FF2308A003BD10A /* button_connect.png */,
				93FECF7B0FF0D9B700631BC8 /* calaos_logo.png */,
				93FECF5E0FF0D86800631BC8 /* LoginView.xib */,
				939A43D10FE8C94100CE7DB8 /* Default.png */,
				939A43D20FE8C94100CE7DB8 /* icon.png */,
				938FF2030FE7EC2400BA5DF8 /* about_icon.png */,
				938FF2040FE7EC2400BA5DF8 /* home_icon.png */,
				938FF2050FE7EC2400BA5DF8 /* media_icon.png */,
				282CCBFD0DB6C98000C4EA27 /* MediaView.xib */,
				28AD73870D9D96C1002E5188 /* MainWindow.xib */,
				8D1107310486CEB800E47090 /* Info.plist */,
				938FF20B0FE7EDDB00BA5DF8 /* CalaosConfig.xib */,
				939A43E60FE8D6E200CE7DB8 /* HomeView.xib */,
				936BB5590FF23A23003BD10A /* RoomView.xib */,
				93B364250FF8BACE00C4ACCB /* RoomDetailsView.xib */,
				93A5F79C0FFA0A1E009BC048 /* ElementLight.xib */,
			);
			name = Resources;
			sourceTree = "<group>";
		};
		29B97323FDCFA39411CA2CEA /* Frameworks */ = {
			isa = PBXGroup;
			children = (
				1DF5F4DF0D08C38300B7A737 /* UIKit.framework */,
				1D30AB110D05D00D00671497 /* Foundation.framework */,
				288765070DF74369002DB57D /* CoreGraphics.framework */,
			);
			name = Frameworks;
			sourceTree = "<group>";
		};
		93A845080FE8F2CB00781F87 /* CalaosHome Sources */ = {
			isa = PBXGroup;
			children = (
				93D81F780FF3CA250030387E /* RoomCocoa.mm */,
				93D81F790FF3CA250030387E /* RoomCocoa.h */,
				93A8472B0FE934E500781F87 /* IO.cpp */,
				93A8472C0FE934E500781F87 /* IO.h */,
				93A8472D0FE934E500781F87 /* IOFactory.h */,
				93A8472E0FE934E500781F87 /* Room.cpp */,
				93A8472F0FE934E500781F87 /* Room.h */,
				93A847300FE934E500781F87 /* RoomFactory.h */,
				93D820330FF3E0B50030387E /* RoomFactory.mm */,
				93A847310FE934E500781F87 /* Rooms.cpp */,
				93A847320FE934E500781F87 /* Rooms.h */,
				93A845370FE8FD7500781F87 /* IPC.cpp */,
				93A845380FE8FD7500781F87 /* IPC.h */,
				93A845390FE8FD7500781F87 /* SocketListener.cpp */,
				93A8453A0FE8FD7500781F87 /* SocketListener.h */,
				93A8453B0FE8FD7500781F87 /* SocketManager.cpp */,
				93A8453C0FE8FD7500781F87 /* SocketManager.h */,
				93A8451A0FE8F78E00781F87 /* base64.c */,
				93A8451B0FE8F78E00781F87 /* base64.h */,
				93A845090FE8F75800781F87 /* CThread.cpp */,
				93A8450A0FE8F75800781F87 /* CThread.h */,
				93A8450B0FE8F75800781F87 /* Mutex.cpp */,
				93A8450C0FE8F75800781F87 /* Mutex.h */,
				93A8450D0FE8F75800781F87 /* Params.cpp */,
				93A8450E0FE8F75800781F87 /* Params.h */,
				93A8450F0FE8F75800781F87 /* tcpsocket.cpp */,
				93A845100FE8F75800781F87 /* tcpsocket.h */,
				93A845110FE8F75800781F87 /* Utils.cpp */,
				93A845120FE8F75800781F87 /* Utils.h */,
			);
			name = "CalaosHome Sources";
			sourceTree = "<group>";
		};
		93A845C80FE9273F00781F87 /* sigc++ */ = {
			isa = PBXGroup;
			children = (
				93A845C90FE9273F00781F87 /* sigc++ */,
				93A846270FE9273F00781F87 /* sigc++config.h */,
			);
			path = "sigc++";
			sourceTree = "<group>";
		};
		93A845C90FE9273F00781F87 /* sigc++ */ = {
			isa = PBXGroup;
			children = (
				93A845D50FE9273F00781F87 /* adaptors */,
				93A845F80FE9273F00781F87 /* bind.h */,
				93A845F90FE9273F00781F87 /* bind_return.h */,
				93A845FA0FE9273F00781F87 /* class_slot.h */,
				93A845FB0FE9273F00781F87 /* connection.cc */,
				93A845FC0FE9273F00781F87 /* connection.h */,
				93A845FD0FE9273F00781F87 /* functors */,
				93A8460B0FE9273F00781F87 /* hide.h */,
				93A8460C0FE9273F00781F87 /* limit_reference.h */,
				93A846170FE9273F00781F87 /* method_slot.h */,
				93A846180FE9273F00781F87 /* object.h */,
				93A846190FE9273F00781F87 /* object_slot.h */,
				93A8461A0FE9273F00781F87 /* reference_wrapper.h */,
				93A8461B0FE9273F00781F87 /* retype.h */,
				93A8461C0FE9273F00781F87 /* retype_return.h */,
				93A8461D0FE9273F00781F87 /* sigc++.h */,
				93A8461E0FE9273F00781F87 /* signal.cc */,
				93A8461F0FE9273F00781F87 /* signal.h */,
				93A846200FE9273F00781F87 /* signal_base.cc */,
				93A846210FE9273F00781F87 /* signal_base.h */,
				93A846220FE9273F00781F87 /* slot.h */,
				93A846230FE9273F00781F87 /* trackable.cc */,
				93A846240FE9273F00781F87 /* trackable.h */,
				93A846250FE9273F00781F87 /* type_traits.h */,
				93A846260FE9273F00781F87 /* visit_each.h */,
			);
			path = "sigc++";
			sourceTree = "<group>";
		};
		93A845D50FE9273F00781F87 /* adaptors */ = {
			isa = PBXGroup;
			children = (
				93A845D60FE9273F00781F87 /* adaptor_trait.h */,
				93A845D70FE9273F00781F87 /* adaptors.h */,
				93A845D80FE9273F00781F87 /* bind.h */,
				93A845D90FE9273F00781F87 /* bind_return.h */,
				93A845DA0FE9273F00781F87 /* bound_argument.h */,
				93A845DB0FE9273F00781F87 /* compose.h */,
				93A845DC0FE9273F00781F87 /* deduce_result_type.h */,
				93A845DD0FE9273F00781F87 /* exception_catch.h */,
				93A845DE0FE9273F00781F87 /* hide.h */,
				93A845DF0FE9273F00781F87 /* lambda */,
				93A845F60FE9273F00781F87 /* retype.h */,
				93A845F70FE9273F00781F87 /* retype_return.h */,
			);
			path = adaptors;
			sourceTree = "<group>";
		};
		93A845DF0FE9273F00781F87 /* lambda */ = {
			isa = PBXGroup;
			children = (
				93A845E00FE9273F00781F87 /* base.h */,
				93A845E10FE9273F00781F87 /* group.h */,
				93A845E20FE9273F00781F87 /* lambda.cc */,
				93A845E30FE9273F00781F87 /* lambda.h */,
				93A845EA0FE9273F00781F87 /* operator.h */,
				93A845EB0FE9273F00781F87 /* select.h */,
			);
			path = lambda;
			sourceTree = "<group>";
		};
		93A845FD0FE9273F00781F87 /* functors */ = {
			isa = PBXGroup;
			children = (
				93A845FE0FE9273F00781F87 /* functor_trait.h */,
				93A845FF0FE9273F00781F87 /* functors.h */,
				93A846050FE9273F00781F87 /* mem_fun.h */,
				93A846060FE9273F00781F87 /* ptr_fun.h */,
				93A846070FE9273F00781F87 /* slot.cc */,
				93A846080FE9273F00781F87 /* slot.h */,
				93A846090FE9273F00781F87 /* slot_base.cc */,
				93A8460A0FE9273F00781F87 /* slot_base.h */,
			);
			path = functors;
			sourceTree = "<group>";
		};
/* End PBXGroup section */

/* Begin PBXNativeTarget section */
		1D6058900D05DD3D006BFB54 /* Calaos Home */ = {
			isa = PBXNativeTarget;
			buildConfigurationList = 1D6058960D05DD3E006BFB54 /* Build configuration list for PBXNativeTarget "Calaos Home" */;
			buildPhases = (
				1D60588D0D05DD3D006BFB54 /* Resources */,
				1D60588E0D05DD3D006BFB54 /* Sources */,
				1D60588F0D05DD3D006BFB54 /* Frameworks */,
				939A440B0FE8DCDE00CE7DB8 /* ShellScript */,
			);
			buildRules = (
			);
			dependencies = (
			);
			name = "Calaos Home";
			productName = CalaosHome;
			productReference = 1D6058910D05DD3D006BFB54 /* CalaosHome.app */;
			productType = "com.apple.product-type.application";
		};
/* End PBXNativeTarget section */

/* Begin PBXProject section */
		29B97313FDCFA39411CA2CEA /* Project object */ = {
			isa = PBXProject;
			buildConfigurationList = C01FCF4E08A954540054247B /* Build configuration list for PBXProject "CalaosHome" */;
			compatibilityVersion = "Xcode 3.1";
			hasScannedForEncodings = 1;
			mainGroup = 29B97314FDCFA39411CA2CEA /* CalaosHome */;
			projectDirPath = "";
			projectRoot = "";
			targets = (
				1D6058900D05DD3D006BFB54 /* Calaos Home */,
			);
		};
/* End PBXProject section */

/* Begin PBXResourcesBuildPhase section */
		1D60588D0D05DD3D006BFB54 /* Resources */ = {
			isa = PBXResourcesBuildPhase;
			buildActionMask = 2147483647;
			files = (
				28AD73880D9D96C1002E5188 /* MainWindow.xib in Resources */,
				282CCBFE0DB6C98000C4EA27 /* MediaView.xib in Resources */,
				938FF2060FE7EC2400BA5DF8 /* about_icon.png in Resources */,
				938FF2070FE7EC2400BA5DF8 /* home_icon.png in Resources */,
				938FF2080FE7EC2400BA5DF8 /* media_icon.png in Resources */,
				938FF20C0FE7EDDB00BA5DF8 /* CalaosConfig.xib in Resources */,
				939A43D30FE8C94100CE7DB8 /* Default.png in Resources */,
				939A43D40FE8C94100CE7DB8 /* icon.png in Resources */,
				939A43E70FE8D6E200CE7DB8 /* HomeView.xib in Resources */,
				93FECF5F0FF0D86800631BC8 /* LoginView.xib in Resources */,
				93FECF7C0FF0D9B700631BC8 /* calaos_logo.png in Resources */,
				936BB54E0FF2308A003BD10A /* button_connect.png in Resources */,
				936BB5500FF23152003BD10A /* button_connect_click.png in Resources */,
				936BB55A0FF23A23003BD10A /* RoomView.xib in Resources */,
				936BB55E0FF23A72003BD10A /* room.png in Resources */,
				936BB55F0FF23A72003BD10A /* room_lounge.png in Resources */,
				936BB5620FF2419E003BD10A /* button_more.png in Resources */,
				936BB5630FF2419E003BD10A /* button_more_click.png in Resources */,
				93B364260FF8BACE00C4ACCB /* RoomDetailsView.xib in Resources */,
				93A5F79D0FFA0A1E009BC048 /* ElementLight.xib in Resources */,
				93A5F7A00FFA0D22009BC048 /* button_element.png in Resources */,
				93A5F7A60FFA0F3C009BC048 /* button_action_glow.png in Resources */,
				93A5F7A70FFA0F3C009BC048 /* button_action_light_off.png in Resources */,
				93A5F7A80FFA0F3C009BC048 /* button_action_light_on.png in Resources */,
				93A5F7AB0FFA14B2009BC048 /* icon_light_off.png in Resources */,
				93A5F7AC0FFA14B2009BC048 /* icon_light_on.png in Resources */,
			);
			runOnlyForDeploymentPostprocessing = 0;
		};
/* End PBXResourcesBuildPhase section */

/* Begin PBXShellScriptBuildPhase section */
		939A440B0FE8DCDE00CE7DB8 /* ShellScript */ = {
			isa = PBXShellScriptBuildPhase;
			buildActionMask = 2147483647;
			files = (
			);
			inputPaths = (
			);
			outputPaths = (
			);
			runOnlyForDeploymentPostprocessing = 0;
			shellPath = /bin/sh;
			shellScript = "export CODESIGN_ALLOCATE=/Developer/Platforms/iPhoneOS.platform/Developer/usr/bin/codesign_allocate\nif [ \"${PLATFORM_NAME}\" == \"iphoneos\" ]; then\n\t$HOME/gen_entitlements.py \"com.calaos.${PROJECT_NAME}\" \"${BUILT_PRODUCTS_DIR}/${WRAPPER_NAME}/${PROJECT_NAME}.xcent\";\n\tcodesign -f -s \"iPhone developer\" --resource-rules \"${BUILT_PRODUCTS_DIR}/${WRAPPER_NAME}/ResourceRules.plist\" \\\n\t\t --entitlements \"${BUILT_PRODUCTS_DIR}/${WRAPPER_NAME}/${PROJECT_NAME}.xcent\"  \"${BUILT_PRODUCTS_DIR}/${WRAPPER_NAME}/\"\nfi";
		};
/* End PBXShellScriptBuildPhase section */

/* Begin PBXSourcesBuildPhase section */
		1D60588E0D05DD3D006BFB54 /* Sources */ = {
			isa = PBXSourcesBuildPhase;
			buildActionMask = 2147483647;
			files = (
				1D60589B0D05DD56006BFB54 /* main.mm in Sources */,
				1D3623260D0F684500981E51 /* CalaosHomeAppDelegate.mm in Sources */,
				28216C970DB411BC00E5133A /* HomeViewController.mm in Sources */,
				93A845130FE8F75800781F87 /* CThread.cpp in Sources */,
				93A845140FE8F75800781F87 /* Mutex.cpp in Sources */,
				93A845150FE8F75800781F87 /* Params.cpp in Sources */,
				93A845160FE8F75800781F87 /* tcpsocket.cpp in Sources */,
				93A845170FE8F75800781F87 /* Utils.cpp in Sources */,
				93A8451C0FE8F78E00781F87 /* base64.c in Sources */,
				93A8453D0FE8FD7500781F87 /* IPC.cpp in Sources */,
				93A8453E0FE8FD7500781F87 /* SocketListener.cpp in Sources */,
				93A8453F0FE8FD7500781F87 /* SocketManager.cpp in Sources */,
				93A846320FE9273F00781F87 /* lambda.cc in Sources */,
				93A846410FE9273F00781F87 /* connection.cc in Sources */,
				93A846460FE9273F00781F87 /* slot.cc in Sources */,
				93A846470FE9273F00781F87 /* slot_base.cc in Sources */,
				93A846510FE9273F00781F87 /* signal.cc in Sources */,
				93A846520FE9273F00781F87 /* signal_base.cc in Sources */,
				93A846530FE9273F00781F87 /* trackable.cc in Sources */,
				93A847330FE934E500781F87 /* IO.cpp in Sources */,
				93A847340FE934E500781F87 /* Room.cpp in Sources */,
				93A847350FE934E500781F87 /* Rooms.cpp in Sources */,
				93A8475D0FE939C400781F87 /* Wrapper.cpp in Sources */,
				93A8476B0FE93F5100781F87 /* IPCWrapperNotification.mm in Sources */,
				93A848120FE948B700781F87 /* ObjCWrapper.cpp in Sources */,
				9389C7160FEA5D4D00D12900 /* NotificationObject.mm in Sources */,
				93FECF780FF0D8A600631BC8 /* LoginViewController.mm in Sources */,
				936BB53D0FF22C6C003BD10A /* PageScrollView.m in Sources */,
				936BB5670FF24D9E003BD10A /* RoomViewController.mm in Sources */,
				93D81F7A0FF3CA250030387E /* RoomCocoa.mm in Sources */,
				93D820340FF3E0B50030387E /* RoomFactory.mm in Sources */,
				93AC746A0FF5133500FA6BA7 /* MBProgressHUD.m in Sources */,
				93B3642D0FF8BE3700C4ACCB /* ShootStuffUpViewController.m in Sources */,
				93B3665D0FF8F12B00C4ACCB /* RoomDetailsController.m in Sources */,
			);
			runOnlyForDeploymentPostprocessing = 0;
		};
/* End PBXSourcesBuildPhase section */

/* Begin XCBuildConfiguration section */
		1D6058940D05DD3E006BFB54 /* Debug */ = {
			isa = XCBuildConfiguration;
			buildSettings = {
				ALWAYS_SEARCH_USER_PATHS = NO;
				COPY_PHASE_STRIP = NO;
				GCC_DYNAMIC_NO_PIC = NO;
				GCC_OPTIMIZATION_LEVEL = 0;
				GCC_PRECOMPILE_PREFIX_HEADER = YES;
				GCC_PREFIX_HEADER = CalaosHome_Prefix.pch;
				HEADER_SEARCH_PATHS = "sigc++";
				INFOPLIST_FILE = Info.plist;
				PRODUCT_NAME = CalaosHome;
			};
			name = Debug;
		};
		1D6058950D05DD3E006BFB54 /* Release */ = {
			isa = XCBuildConfiguration;
			buildSettings = {
				ALWAYS_SEARCH_USER_PATHS = NO;
				COPY_PHASE_STRIP = YES;
				GCC_PRECOMPILE_PREFIX_HEADER = YES;
				GCC_PREFIX_HEADER = CalaosHome_Prefix.pch;
				HEADER_SEARCH_PATHS = "sigc++";
				INFOPLIST_FILE = Info.plist;
				PRODUCT_NAME = CalaosHome;
			};
			name = Release;
		};
		C01FCF4F08A954540054247B /* Debug */ = {
			isa = XCBuildConfiguration;
			buildSettings = {
				ARCHS = "$(ARCHS_STANDARD_32_BIT)";
				"CODE_SIGN_IDENTITY[sdk=iphoneos*]" = "iPhone Developer";
				GCC_C_LANGUAGE_STANDARD = c99;
				GCC_WARN_ABOUT_RETURN_TYPE = YES;
				GCC_WARN_UNUSED_VARIABLE = YES;
				HEADER_SEARCH_PATHS = "";
				ONLY_ACTIVE_ARCH = YES;
				PREBINDING = NO;
				SDKROOT = iphoneos2.2.1;
				USER_HEADER_SEARCH_PATHS = "sigc++ CalaosHome";
			};
			name = Debug;
		};
		C01FCF5008A954540054247B /* Release */ = {
			isa = XCBuildConfiguration;
			buildSettings = {
				ARCHS = "$(ARCHS_STANDARD_32_BIT)";
				CODE_SIGN_IDENTITY = "";
				"CODE_SIGN_IDENTITY[sdk=iphoneos*]" = "iPhone Developer";
				GCC_C_LANGUAGE_STANDARD = c99;
				GCC_WARN_ABOUT_RETURN_TYPE = YES;
				GCC_WARN_UNUSED_VARIABLE = YES;
				HEADER_SEARCH_PATHS = "";
				PREBINDING = NO;
				PROVISIONING_PROFILE_ALLOWED = NO;
				PROVISIONING_PROFILE_REQUIRED = NO;
				SDKROOT = iphoneos2.2.1;
				USER_HEADER_SEARCH_PATHS = "sigc++ CalaosHome";
			};
			name = Release;
		};
/* End XCBuildConfiguration section */

/* Begin XCConfigurationList section */
		1D6058960D05DD3E006BFB54 /* Build configuration list for PBXNativeTarget "Calaos Home" */ = {
			isa = XCConfigurationList;
			buildConfigurations = (
				1D6058940D05DD3E006BFB54 /* Debug */,
				1D6058950D05DD3E006BFB54 /* Release */,
			);
			defaultConfigurationIsVisible = 0;
			defaultConfigurationName = Release;
		};
		C01FCF4E08A954540054247B /* Build configuration list for PBXProject "CalaosHome" */ = {
			isa = XCConfigurationList;
			buildConfigurations = (
				C01FCF4F08A954540054247B /* Debug */,
				C01FCF5008A954540054247B /* Release */,
			);
			defaultConfigurationIsVisible = 0;
			defaultConfigurationName = Release;
		};
/* End XCConfigurationList section */
	};
	rootObject = 29B97313FDCFA39411CA2CEA /* Project object */;
}
